
Microsoft Visual Studio Solution File, Format Version 12.00
# Visual Studio Version 17
VisualStudioVersion = 17.7.34221.43
MinimumVisualStudioVersion = 10.0.40219.1
Project("{9A19103F-16F7-4668-BE54-9A1E7A4F7556}") = "BurgerShop.Domain", "BurgerShop.Entities\BurgerShop.Domain.csproj", "{0246A394-2316-456E-A2F9-4DA3F930EB48}"
EndProject
Project("{9A19103F-16F7-4668-BE54-9A1E7A4F7556}") = "BurgerShop.Infrastructure", "BurgerShop.DAL\BurgerShop.Infrastructure.csproj", "{5B9D853B-49CF-42A1-91AC-ECFD013C7FD0}"
EndProject
Project("{FAE04EC0-301F-11D3-BF4B-00C04F79EFBC}") = "BurgerShop.Application", "BurgerShop.Application\BurgerShop.Application.csproj", "{C09E2326-903B-4CBE-B168-2D80B0DE1024}"
EndProject
Project("{FAE04EC0-301F-11D3-BF4B-00C04F79EFBC}") = "BurgerShop.Presentation", "BurgerShop.Presentation\BurgerShop.Presentation.csproj", "{CCE67B2B-8BF9-4916-93B6-75C596963BDD}"
EndProject
Global
	GlobalSection(SolutionConfigurationPlatforms) = preSolution
		Debug|Any CPU = Debug|Any CPU
		Release|Any CPU = Release|Any CPU
	EndGlobalSection
	GlobalSection(ProjectConfigurationPlatforms) = postSolution
		{0246A394-2316-456E-A2F9-4DA3F930EB48}.Debug|Any CPU.ActiveCfg = Debug|Any CPU
		{0246A394-2316-456E-A2F9-4DA3F930EB48}.Debug|Any CPU.Build.0 = Debug|Any CPU
		{0246A394-2316-456E-A2F9-4DA3F930EB48}.Release|Any CPU.ActiveCfg = Release|Any CPU
		{0246A394-2316-456E-A2F9-4DA3F930EB48}.Release|Any CPU.Build.0 = Release|Any CPU
		{5B9D853B-49CF-42A1-91AC-ECFD013C7FD0}.Debug|Any CPU.ActiveCfg = Debug|Any CPU
		{5B9D853B-49CF-42A1-91AC-ECFD013C7FD0}.Debug|Any CPU.Build.0 = Debug|Any CPU
		{5B9D853B-49CF-42A1-91AC-ECFD013C7FD0}.Release|Any CPU.ActiveCfg = Release|Any CPU
		{5B9D853B-49CF-42A1-91AC-ECFD013C7FD0}.Release|Any CPU.Build.0 = Release|Any CPU
		{C09E2326-903B-4CBE-B168-2D80B0DE1024}.Debug|Any CPU.ActiveCfg = Debug|Any CPU
		{C09E2326-903B-4CBE-B168-2D80B0DE1024}.Debug|Any CPU.Build.0 = Debug|Any CPU
		{C09E2326-903B-4CBE-B168-2D80B0DE1024}.Release|Any CPU.ActiveCfg = Release|Any CPU
		{C09E2326-903B-4CBE-B168-2D80B0DE1024}.Release|Any CPU.Build.0 = Release|Any CPU
		{CCE67B2B-8BF9-4916-93B6-75C596963BDD}.Debug|Any CPU.ActiveCfg = Debug|Any CPU
		{CCE67B2B-8BF9-4916-93B6-75C596963BDD}.Debug|Any CPU.Build.0 = Debug|Any CPU
		{CCE67B2B-8BF9-4916-93B6-75C596963BDD}.Release|Any CPU.ActiveCfg = Release|Any CPU
		{CCE67B2B-8BF9-4916-93B6-75C596963BDD}.Release|Any CPU.Build.0 = Release|Any CPU
	EndGlobalSection
	GlobalSection(SolutionProperties) = preSolution
		HideSolutionNode = FALSE
	EndGlobalSection
	GlobalSection(ExtensibilityGlobals) = postSolution
		SolutionGuid = {7265F932-E8AA-4E34-8416-691240417BBE}
	EndGlobalSection
EndGlobal
